
Microsoft Visual Studio Solution File, Format Version 12.00
# Visual Studio 15
VisualStudioVersion = 15.0.27428.1
MinimumVisualStudioVersion = 10.0.40219.1
Project("{FAE04EC0-301F-11D3-BF4B-00C04F79EFBC}") = "Exporter", "Exporter\Exporter.csproj", "{F72B192B-ACC9-4ED5-BF6A-E3546CC78E58}"
EndProject
Project("{E24C65DC-7377-472B-9ABA-BC803B73C61A}") = "trump-conflicts", "..\", "{9F023FF3-DA33-4ECC-A3F7-6A015E41FC8D}"
	ProjectSection(WebsiteProperties) = preProject
		TargetFrameworkMoniker = ".NETFramework,Version%3Dv4.0"
		Debug.AspNetCompiler.VirtualPath = "/localhost_55005"
		Debug.AspNetCompiler.PhysicalPath = "..\..\trump-conflicts\"
		Debug.AspNetCompiler.TargetPath = "PrecompiledWeb\localhost_55005\"
		Debug.AspNetCompiler.Updateable = "true"
		Debug.AspNetCompiler.ForceOverwrite = "true"
		Debug.AspNetCompiler.FixedNames = "false"
		Debug.AspNetCompiler.Debug = "True"
		Release.AspNetCompiler.VirtualPath = "/localhost_55005"
		Release.AspNetCompiler.PhysicalPath = "..\..\trump-conflicts\"
		Release.AspNetCompiler.TargetPath = "PrecompiledWeb\localhost_55005\"
		Release.AspNetCompiler.Updateable = "true"
		Release.AspNetCompiler.ForceOverwrite = "true"
		Release.AspNetCompiler.FixedNames = "false"
		Release.AspNetCompiler.Debug = "False"
		VWDPort = "55005"
		SlnRelativePath = "..\..\trump-conflicts\"
	EndProjectSection
EndProject
Global
	GlobalSection(SolutionConfigurationPlatforms) = preSolution
		Debug|Any CPU = Debug|Any CPU
		Release|Any CPU = Release|Any CPU
	EndGlobalSection
	GlobalSection(ProjectConfigurationPlatforms) = postSolution
		{F72B192B-ACC9-4ED5-BF6A-E3546CC78E58}.Debug|Any CPU.ActiveCfg = Debug|Any CPU
		{F72B192B-ACC9-4ED5-BF6A-E3546CC78E58}.Debug|Any CPU.Build.0 = Debug|Any CPU
		{F72B192B-ACC9-4ED5-BF6A-E3546CC78E58}.Release|Any CPU.ActiveCfg = Release|Any CPU
		{F72B192B-ACC9-4ED5-BF6A-E3546CC78E58}.Release|Any CPU.Build.0 = Release|Any CPU
		{9F023FF3-DA33-4ECC-A3F7-6A015E41FC8D}.Debug|Any CPU.ActiveCfg = Debug|Any CPU
		{9F023FF3-DA33-4ECC-A3F7-6A015E41FC8D}.Debug|Any CPU.Build.0 = Debug|Any CPU
		{9F023FF3-DA33-4ECC-A3F7-6A015E41FC8D}.Release|Any CPU.ActiveCfg = Debug|Any CPU
		{9F023FF3-DA33-4ECC-A3F7-6A015E41FC8D}.Release|Any CPU.Build.0 = Debug|Any CPU
	EndGlobalSection
	GlobalSection(SolutionProperties) = preSolution
		HideSolutionNode = FALSE
	EndGlobalSection
	GlobalSection(ExtensibilityGlobals) = postSolution
		SolutionGuid = {DDD13857-0726-4861-8214-FBF5CCBEACAA}
	EndGlobalSection
EndGlobal
